
Microsoft Visual Studio Solution File, Format Version 12.00
# Visual Studio Version 17
VisualStudioVersion = 17.9.34728.123
MinimumVisualStudioVersion = 10.0.40219.1
Project("{FAE04EC0-301F-11D3-BF4B-00C04F79EFBC}") = "Task.API", "Task.API\Task.API.csproj", "{C55238A9-AF29-4663-988C-E788FC8EFFB5}"
EndProject
Project("{FAE04EC0-301F-11D3-BF4B-00C04F79EFBC}") = "Task.Domain", "Task.Domain\Task.Domain.csproj", "{C576033B-635B-4728-AAB0-6A90FD5D3F3C}"
EndProject
Project("{FAE04EC0-301F-11D3-BF4B-00C04F79EFBC}") = "Task.Persistence", "Task.Persistence\Task.Persistence.csproj", "{2F0FB4D2-64F3-4621-9032-0236FBC003AB}"
EndProject
Project("{FAE04EC0-301F-11D3-BF4B-00C04F79EFBC}") = "Task.Application", "Task.Application\Task.Application.csproj", "{673C26F5-6A9E-42B0-8FFB-D453F9D758EF}"
EndProject
Project("{FAE04EC0-301F-11D3-BF4B-00C04F79EFBC}") = "Task.Infrastructure", "Task.Infrastructure\Task.Infrastructure.csproj", "{EF4D39CC-0405-48A6-AD14-9C583222BCF9}"
EndProject
Global
	GlobalSection(SolutionConfigurationPlatforms) = preSolution
		Debug|Any CPU = Debug|Any CPU
		Release|Any CPU = Release|Any CPU
	EndGlobalSection
	GlobalSection(ProjectConfigurationPlatforms) = postSolution
		{C55238A9-AF29-4663-988C-E788FC8EFFB5}.Debug|Any CPU.ActiveCfg = Debug|Any CPU
		{C55238A9-AF29-4663-988C-E788FC8EFFB5}.Debug|Any CPU.Build.0 = Debug|Any CPU
		{C55238A9-AF29-4663-988C-E788FC8EFFB5}.Release|Any CPU.ActiveCfg = Release|Any CPU
		{C55238A9-AF29-4663-988C-E788FC8EFFB5}.Release|Any CPU.Build.0 = Release|Any CPU
		{C576033B-635B-4728-AAB0-6A90FD5D3F3C}.Debug|Any CPU.ActiveCfg = Debug|Any CPU
		{C576033B-635B-4728-AAB0-6A90FD5D3F3C}.Debug|Any CPU.Build.0 = Debug|Any CPU
		{C576033B-635B-4728-AAB0-6A90FD5D3F3C}.Release|Any CPU.ActiveCfg = Release|Any CPU
		{C576033B-635B-4728-AAB0-6A90FD5D3F3C}.Release|Any CPU.Build.0 = Release|Any CPU
		{2F0FB4D2-64F3-4621-9032-0236FBC003AB}.Debug|Any CPU.ActiveCfg = Debug|Any CPU
		{2F0FB4D2-64F3-4621-9032-0236FBC003AB}.Debug|Any CPU.Build.0 = Debug|Any CPU
		{2F0FB4D2-64F3-4621-9032-0236FBC003AB}.Release|Any CPU.ActiveCfg = Release|Any CPU
		{2F0FB4D2-64F3-4621-9032-0236FBC003AB}.Release|Any CPU.Build.0 = Release|Any CPU
		{673C26F5-6A9E-42B0-8FFB-D453F9D758EF}.Debug|Any CPU.ActiveCfg = Debug|Any CPU
		{673C26F5-6A9E-42B0-8FFB-D453F9D758EF}.Debug|Any CPU.Build.0 = Debug|Any CPU
		{673C26F5-6A9E-42B0-8FFB-D453F9D758EF}.Release|Any CPU.ActiveCfg = Release|Any CPU
		{673C26F5-6A9E-42B0-8FFB-D453F9D758EF}.Release|Any CPU.Build.0 = Release|Any CPU
		{EF4D39CC-0405-48A6-AD14-9C583222BCF9}.Debug|Any CPU.ActiveCfg = Debug|Any CPU
		{EF4D39CC-0405-48A6-AD14-9C583222BCF9}.Debug|Any CPU.Build.0 = Debug|Any CPU
		{EF4D39CC-0405-48A6-AD14-9C583222BCF9}.Release|Any CPU.ActiveCfg = Release|Any CPU
		{EF4D39CC-0405-48A6-AD14-9C583222BCF9}.Release|Any CPU.Build.0 = Release|Any CPU
	EndGlobalSection
	GlobalSection(SolutionProperties) = preSolution
		HideSolutionNode = FALSE
	EndGlobalSection
	GlobalSection(ExtensibilityGlobals) = postSolution
		SolutionGuid = {976EC7DF-7292-4824-AE8C-089EDE473DDB}
	EndGlobalSection
EndGlobal
